
Microsoft Visual Studio Solution File, Format Version 12.00
# Visual Studio Version 16
VisualStudioVersion = 16.0.31410.357
MinimumVisualStudioVersion = 10.0.40219.1
Project("{FAE04EC0-301F-11D3-BF4B-00C04F79EFBC}") = "DataStructures", "DataStructures.csproj", "{501676C6-97E6-4DEE-A6B5-AE0FB399A9BA}"
EndProject
Global
	GlobalSection(SolutionConfigurationPlatforms) = preSolution
		Debug|Any CPU = Debug|Any CPU
		Release|Any CPU = Release|Any CPU
	EndGlobalSection
	GlobalSection(ProjectConfigurationPlatforms) = postSolution
		{501676C6-97E6-4DEE-A6B5-AE0FB399A9BA}.Debug|Any CPU.ActiveCfg = Debug|Any CPU
		{501676C6-97E6-4DEE-A6B5-AE0FB399A9BA}.Debug|Any CPU.Build.0 = Debug|Any CPU
		{501676C6-97E6-4DEE-A6B5-AE0FB399A9BA}.Release|Any CPU.ActiveCfg = Release|Any CPU
		{501676C6-97E6-4DEE-A6B5-AE0FB399A9BA}.Release|Any CPU.Build.0 = Release|Any CPU
	EndGlobalSection
	GlobalSection(SolutionProperties) = preSolution
		HideSolutionNode = FALSE
	EndGlobalSection
	GlobalSection(ExtensibilityGlobals) = postSolution
		SolutionGuid = {E4EEB676-C0ED-4C6A-AD20-25DE7F457344}
	EndGlobalSection
EndGlobal
